
Microsoft Visual Studio Solution File, Format Version 11.00
# Visual Studio 2010
Project("{FAE04EC0-301F-11D3-BF4B-00C04F79EFBC}") = "Phoneword_ios", "Phoneword_ios\Phoneword_ios.csproj", "{E3184938-279A-4222-BC86-01E1D5CD8B9A}"
EndProject
Global
	GlobalSection(SolutionConfigurationPlatforms) = preSolution
		Debug|iPhoneSimulator = Debug|iPhoneSimulator
		Release|iPhoneSimulator = Release|iPhoneSimulator
		Debug|iPhone = Debug|iPhone
		Release|iPhone = Release|iPhone
		Ad-Hoc|iPhone = Ad-Hoc|iPhone
		AppStore|iPhone = AppStore|iPhone
	EndGlobalSection
	GlobalSection(ProjectConfigurationPlatforms) = postSolution
		{E3184938-279A-4222-BC86-01E1D5CD8B9A}.Ad-Hoc|iPhone.ActiveCfg = Ad-Hoc|iPhone
		{E3184938-279A-4222-BC86-01E1D5CD8B9A}.Ad-Hoc|iPhone.Build.0 = Ad-Hoc|iPhone
		{E3184938-279A-4222-BC86-01E1D5CD8B9A}.AppStore|iPhone.ActiveCfg = AppStore|iPhone
		{E3184938-279A-4222-BC86-01E1D5CD8B9A}.AppStore|iPhone.Build.0 = AppStore|iPhone
		{E3184938-279A-4222-BC86-01E1D5CD8B9A}.Debug|iPhone.ActiveCfg = Debug|iPhone
		{E3184938-279A-4222-BC86-01E1D5CD8B9A}.Debug|iPhone.Build.0 = Debug|iPhone
		{E3184938-279A-4222-BC86-01E1D5CD8B9A}.Debug|iPhoneSimulator.ActiveCfg = Debug|iPhoneSimulator
		{E3184938-279A-4222-BC86-01E1D5CD8B9A}.Debug|iPhoneSimulator.Build.0 = Debug|iPhoneSimulator
		{E3184938-279A-4222-BC86-01E1D5CD8B9A}.Release|iPhone.ActiveCfg = Release|iPhone
		{E3184938-279A-4222-BC86-01E1D5CD8B9A}.Release|iPhone.Build.0 = Release|iPhone
		{E3184938-279A-4222-BC86-01E1D5CD8B9A}.Release|iPhoneSimulator.ActiveCfg = Release|iPhoneSimulator
		{E3184938-279A-4222-BC86-01E1D5CD8B9A}.Release|iPhoneSimulator.Build.0 = Release|iPhoneSimulator
	EndGlobalSection
	GlobalSection(MonoDevelopProperties) = preSolution
		StartupItem = Phoneword_ios\Phoneword_ios.csproj
	EndGlobalSection
EndGlobal
