// !$*UTF8*$!
{
	archiveVersion = 1;
	classes = {
	};
	objectVersion = 46;
	objects = {

/* Begin PBXBuildFile section */
		FFC880491A2430C000DE480A /* AppDelegate.swift in Sources */ = {isa = PBXBuildFile; fileRef = FFC880481A2430C000DE480A /* AppDelegate.swift */; };
		FFC8804B1A2430C000DE480A /* ViewController.swift in Sources */ = {isa = PBXBuildFile; fileRef = FFC8804A1A2430C000DE480A /* ViewController.swift */; };
		FFC8804E1A2430C000DE480A /* Main.storyboard in Resources */ = {isa = PBXBuildFile; fileRef = FFC8804C1A2430C000DE480A /* Main.storyboard */; };
		FFC880501A2430C000DE480A /* Images.xcassets in Resources */ = {isa = PBXBuildFile; fileRef = FFC8804F1A2430C000DE480A /* Images.xcassets */; };
		FFC880531A2430C000DE480A /* LaunchScreen.xib in Resources */ = {isa = PBXBuildFile; fileRef = FFC880511A2430C000DE480A /* LaunchScreen.xib */; };
		FFC8805F1A2430C100DE480A /* Pitch_PerfectTests.swift in Sources */ = {isa = PBXBuildFile; fileRef = FFC8805E1A2430C100DE480A /* Pitch_PerfectTests.swift */; };
/* End PBXBuildFile section */

/* Begin PBXContainerItemProxy section */
		FFC880591A2430C100DE480A /* PBXContainerItemProxy */ = {
			isa = PBXContainerItemProxy;
			containerPortal = FFC8803B1A2430C000DE480A /* Project object */;
			proxyType = 1;
			remoteGlobalIDString = FFC880421A2430C000DE480A;
			remoteInfo = "Pitch Perfect";
		};
/* End PBXContainerItemProxy section */

/* Begin PBXFileReference section */
		FFC880431A2430C000DE480A /* Pitch Perfect.app */ = {isa = PBXFileReference; explicitFileType = wrapper.application; includeInIndex = 0; path = "Pitch Perfect.app"; sourceTree = BUILT_PRODUCTS_DIR; };
		FFC880471A2430C000DE480A /* Info.plist */ = {isa = PBXFileReference; lastKnownFileType = text.plist.xml; path = Info.plist; sourceTree = "<group>"; };
		FFC880481A2430C000DE480A /* AppDelegate.swift */ = {isa = PBXFileReference; lastKnownFileType = sourcecode.swift; path = AppDelegate.swift; sourceTree = "<group>"; };
		FFC8804A1A2430C000DE480A /* ViewController.swift */ = {isa = PBXFileReference; lastKnownFileType = sourcecode.swift; path = ViewController.swift; sourceTree = "<group>"; };
		FFC8804D1A2430C000DE480A /* Base */ = {isa = PBXFileReference; lastKnownFileType = file.storyboard; name = Base; path = Base.lproj/Main.storyboard; sourceTree = "<group>"; };
		FFC8804F1A2430C000DE480A /* Images.xcassets */ = {isa = PBXFileReference; lastKnownFileType = folder.assetcatalog; path = Images.xcassets; sourceTree = "<group>"; };
		FFC880521A2430C000DE480A /* Base */ = {isa = PBXFileReference; lastKnownFileType = file.xib; name = Base; path = Base.lproj/LaunchScreen.xib; sourceTree = "<group>"; };
		FFC880581A2430C100DE480A /* Pitch PerfectTests.xctest */ = {isa = PBXFileReference; explicitFileType = wrapper.cfbundle; includeInIndex = 0; path = "Pitch PerfectTests.xctest"; sourceTree = BUILT_PRODUCTS_DIR; };
		FFC8805D1A2430C100DE480A /* Info.plist */ = {isa = PBXFileReference; lastKnownFileType = text.plist.xml; path = Info.plist; sourceTree = "<group>"; };
		FFC8805E1A2430C100DE480A /* Pitch_PerfectTests.swift */ = {isa = PBXFileReference; lastKnownFileType = sourcecode.swift; path = Pitch_PerfectTests.swift; sourceTree = "<group>"; };
/* End PBXFileReference section */

/* Begin PBXFrameworksBuildPhase section */
		FFC880401A2430C000DE480A /* Frameworks */ = {
			isa = PBXFrameworksBuildPhase;
			buildActionMask = 2147483647;
			files = (
			);
			runOnlyForDeploymentPostprocessing = 0;
		};
		FFC880551A2430C100DE480A /* Frameworks */ = {
			isa = PBXFrameworksBuildPhase;
			buildActionMask = 2147483647;
			files = (
			);
			runOnlyForDeploymentPostprocessing = 0;
		};
/* End PBXFrameworksBuildPhase section */

/* Begin PBXGroup section */
		FFC8803A1A2430C000DE480A = {
			isa = PBXGroup;
			children = (
				FFC880451A2430C000DE480A /* Pitch Perfect */,
				FFC8805B1A2430C100DE480A /* Pitch PerfectTests */,
				FFC880441A2430C000DE480A /* Products */,
			);
			sourceTree = "<group>";
		};
		FFC880441A2430C000DE480A /* Products */ = {
			isa = PBXGroup;
			children = (
				FFC880431A2430C000DE480A /* Pitch Perfect.app */,
				FFC880581A2430C100DE480A /* Pitch PerfectTests.xctest */,
			);
			name = Products;
			sourceTree = "<group>";
		};
		FFC880451A2430C000DE480A /* Pitch Perfect */ = {
			isa = PBXGroup;
			children = (
				FFC880481A2430C000DE480A /* AppDelegate.swift */,
				FFC8804A1A2430C000DE480A /* ViewController.swift */,
				FFC8804C1A2430C000DE480A /* Main.storyboard */,
				FFC8804F1A2430C000DE480A /* Images.xcassets */,
				FFC880511A2430C000DE480A /* LaunchScreen.xib */,
				FFC880461A2430C000DE480A /* Supporting Files */,
			);
			path = "Pitch Perfect";
			sourceTree = "<group>";
		};
		FFC880461A2430C000DE480A /* Supporting Files */ = {
			isa = PBXGroup;
			children = (
				FFC880471A2430C000DE480A /* Info.plist */,
			);
			name = "Supporting Files";
			sourceTree = "<group>";
		};
		FFC8805B1A2430C100DE480A /* Pitch PerfectTests */ = {
			isa = PBXGroup;
			children = (
				FFC8805E1A2430C100DE480A /* Pitch_PerfectTests.swift */,
				FFC8805C1A2430C100DE480A /* Supporting Files */,
			);
			path = "Pitch PerfectTests";
			sourceTree = "<group>";
		};
		FFC8805C1A2430C100DE480A /* Supporting Files */ = {
			isa = PBXGroup;
			children = (
				FFC8805D1A2430C100DE480A /* Info.plist */,
			);
			name = "Supporting Files";
			sourceTree = "<group>";
		};
/* End PBXGroup section */

/* Begin PBXNativeTarget section */
		FFC880421A2430C000DE480A /* Pitch Perfect */ = {
			isa = PBXNativeTarget;
			buildConfigurationList = FFC880621A2430C100DE480A /* Build configuration list for PBXNativeTarget "Pitch Perfect" */;
			buildPhases = (
				FFC8803F1A2430C000DE480A /* Sources */,
				FFC880401A2430C000DE480A /* Frameworks */,
				FFC880411A2430C000DE480A /* Resources */,
			);
			buildRules = (
			);
			dependencies = (
			);
			name = "Pitch Perfect";
			productName = "Pitch Perfect";
			productReference = FFC880431A2430C000DE480A /* Pitch Perfect.app */;
			productType = "com.apple.product-type.application";
		};
		FFC880571A2430C100DE480A /* Pitch PerfectTests */ = {
			isa = PBXNativeTarget;
			buildConfigurationList = FFC880651A2430C100DE480A /* Build configuration list for PBXNativeTarget "Pitch PerfectTests" */;
			buildPhases = (
				FFC880541A2430C100DE480A /* Sources */,
				FFC880551A2430C100DE480A /* Frameworks */,
				FFC880561A2430C100DE480A /* Resources */,
			);
			buildRules = (
			);
			dependencies = (
				FFC8805A1A2430C100DE480A /* PBXTargetDependency */,
			);
			name = "Pitch PerfectTests";
			productName = "Pitch PerfectTests";
			productReference = FFC880581A2430C100DE480A /* Pitch PerfectTests.xctest */;
			productType = "com.apple.product-type.bundle.unit-test";
		};
/* End PBXNativeTarget section */

/* Begin PBXProject section */
		FFC8803B1A2430C000DE480A /* Project object */ = {
			isa = PBXProject;
			attributes = {
				LastUpgradeCheck = 0610;
				ORGANIZATIONNAME = "Fluke Thermography";
				TargetAttributes = {
					FFC880421A2430C000DE480A = {
						CreatedOnToolsVersion = 6.1;
					};
					FFC880571A2430C100DE480A = {
						CreatedOnToolsVersion = 6.1;
						TestTargetID = FFC880421A2430C000DE480A;
					};
				};
			};
			buildConfigurationList = FFC8803E1A2430C000DE480A /* Build configuration list for PBXProject "Pitch Perfect" */;
			compatibilityVersion = "Xcode 3.2";
			developmentRegion = English;
			hasScannedForEncodings = 0;
			knownRegions = (
				en,
				Base,
			);
			mainGroup = FFC8803A1A2430C000DE480A;
			productRefGroup = FFC880441A2430C000DE480A /* Products */;
			projectDirPath = "";
			projectRoot = "";
			targets = (
				FFC880421A2430C000DE480A /* Pitch Perfect */,
				FFC880571A2430C100DE480A /* Pitch PerfectTests */,
			);
		};
/* End PBXProject section */

/* Begin PBXResourcesBuildPhase section */
		FFC880411A2430C000DE480A /* Resources */ = {
			isa = PBXResourcesBuildPhase;
			buildActionMask = 2147483647;
			files = (
				FFC8804E1A2430C000DE480A /* Main.storyboard in Resources */,
				FFC880531A2430C000DE480A /* LaunchScreen.xib in Resources */,
				FFC880501A2430C000DE480A /* Images.xcassets in Resources */,
			);
			runOnlyForDeploymentPostprocessing = 0;
		};
		FFC880561A2430C100DE480A /* Resources */ = {
			isa = PBXResourcesBuildPhase;
			buildActionMask = 2147483647;
			files = (
			);
			runOnlyForDeploymentPostprocessing = 0;
		};
/* End PBXResourcesBuildPhase section */

/* Begin PBXSourcesBuildPhase section */
		FFC8803F1A2430C000DE480A /* Sources */ = {
			isa = PBXSourcesBuildPhase;
			buildActionMask = 2147483647;
			files = (
				FFC8804B1A2430C000DE480A /* ViewController.swift in Sources */,
				FFC880491A2430C000DE480A /* AppDelegate.swift in Sources */,
			);
			runOnlyForDeploymentPostprocessing = 0;
		};
		FFC880541A2430C100DE480A /* Sources */ = {
			isa = PBXSourcesBuildPhase;
			buildActionMask = 2147483647;
			files = (
				FFC8805F1A2430C100DE480A /* Pitch_PerfectTests.swift in Sources */,
			);
			runOnlyForDeploymentPostprocessing = 0;
		};
/* End PBXSourcesBuildPhase section */

/* Begin PBXTargetDependency section */
		FFC8805A1A2430C100DE480A /* PBXTargetDependency */ = {
			isa = PBXTargetDependency;
			target = FFC880421A2430C000DE480A /* Pitch Perfect */;
			targetProxy = FFC880591A2430C100DE480A /* PBXContainerItemProxy */;
		};
/* End PBXTargetDependency section */

/* Begin PBXVariantGroup section */
		FFC8804C1A2430C000DE480A /* Main.storyboard */ = {
			isa = PBXVariantGroup;
			children = (
				FFC8804D1A2430C000DE480A /* Base */,
			);
			name = Main.storyboard;
			sourceTree = "<group>";
		};
		FFC880511A2430C000DE480A /* LaunchScreen.xib */ = {
			isa = PBXVariantGroup;
			children = (
				FFC880521A2430C000DE480A /* Base */,
			);
			name = LaunchScreen.xib;
			sourceTree = "<group>";
		};
/* End PBXVariantGroup section */

/* Begin XCBuildConfiguration section */
		FFC880601A2430C100DE480A /* Debug */ = {
			isa = XCBuildConfiguration;
			buildSettings = {
				ALWAYS_SEARCH_USER_PATHS = NO;
				CLANG_CXX_LANGUAGE_STANDARD = "gnu++0x";
				CLANG_CXX_LIBRARY = "libc++";
				CLANG_ENABLE_MODULES = YES;
				CLANG_ENABLE_OBJC_ARC = YES;
				CLANG_WARN_BOOL_CONVERSION = YES;
				CLANG_WARN_CONSTANT_CONVERSION = YES;
				CLANG_WARN_DIRECT_OBJC_ISA_USAGE = YES_ERROR;
				CLANG_WARN_EMPTY_BODY = YES;
				CLANG_WARN_ENUM_CONVERSION = YES;
				CLANG_WARN_INT_CONVERSION = YES;
				CLANG_WARN_OBJC_ROOT_CLASS = YES_ERROR;
				CLANG_WARN_UNREACHABLE_CODE = YES;
				CLANG_WARN__DUPLICATE_METHOD_MATCH = YES;
				"CODE_SIGN_IDENTITY[sdk=iphoneos*]" = "iPhone Developer";
				COPY_PHASE_STRIP = NO;
				ENABLE_STRICT_OBJC_MSGSEND = YES;
				GCC_C_LANGUAGE_STANDARD = gnu99;
				GCC_DYNAMIC_NO_PIC = NO;
				GCC_OPTIMIZATION_LEVEL = 0;
				GCC_PREPROCESSOR_DEFINITIONS = (
					"DEBUG=1",
					"$(inherited)",
				);
				GCC_SYMBOLS_PRIVATE_EXTERN = NO;
				GCC_WARN_64_TO_32_BIT_CONVERSION = YES;
				GCC_WARN_ABOUT_RETURN_TYPE = YES_ERROR;
				GCC_WARN_UNDECLARED_SELECTOR = YES;
				GCC_WARN_UNINITIALIZED_AUTOS = YES_AGGRESSIVE;
				GCC_WARN_UNUSED_FUNCTION = YES;
				GCC_WARN_UNUSED_VARIABLE = YES;
				IPHONEOS_DEPLOYMENT_TARGET = 8.1;
				MTL_ENABLE_DEBUG_INFO = YES;
				ONLY_ACTIVE_ARCH = YES;
				SDKROOT = iphoneos;
				SWIFT_OPTIMIZATION_LEVEL = "-Onone";
			};
			name = Debug;
		};
		FFC880611A2430C100DE480A /* Release */ = {
			isa = XCBuildConfiguration;
			buildSettings = {
				ALWAYS_SEARCH_USER_PATHS = NO;
				CLANG_CXX_LANGUAGE_STANDARD = "gnu++0x";
				CLANG_CXX_LIBRARY = "libc++";
				CLANG_ENABLE_MODULES = YES;
				CLANG_ENABLE_OBJC_ARC = YES;
				CLANG_WARN_BOOL_CONVERSION = YES;
				CLANG_WARN_CONSTANT_CONVERSION = YES;
				CLANG_WARN_DIRECT_OBJC_ISA_USAGE = YES_ERROR;
				CLANG_WARN_EMPTY_BODY = YES;
				CLANG_WARN_ENUM_CONVERSION = YES;
				CLANG_WARN_INT_CONVERSION = YES;
				CLANG_WARN_OBJC_ROOT_CLASS = YES_ERROR;
				CLANG_WARN_UNREACHABLE_CODE = YES;
				CLANG_WARN__DUPLICATE_METHOD_MATCH = YES;
				"CODE_SIGN_IDENTITY[sdk=iphoneos*]" = "iPhone Developer";
				COPY_PHASE_STRIP = YES;
				ENABLE_NS_ASSERTIONS = NO;
				ENABLE_STRICT_OBJC_MSGSEND = YES;
				GCC_C_LANGUAGE_STANDARD = gnu99;
				GCC_WARN_64_TO_32_BIT_CONVERSION = YES;
				GCC_WARN_ABOUT_RETURN_TYPE = YES_ERROR;
				GCC_WARN_UNDECLARED_SELECTOR = YES;
				GCC_WARN_UNINITIALIZED_AUTOS = YES_AGGRESSIVE;
				GCC_WARN_UNUSED_FUNCTION = YES;
				GCC_WARN_UNUSED_VARIABLE = YES;
				IPHONEOS_DEPLOYMENT_TARGET = 8.1;
				MTL_ENABLE_DEBUG_INFO = NO;
				SDKROOT = iphoneos;
				VALIDATE_PRODUCT = YES;
			};
			name = Release;
		};
		FFC880631A2430C100DE480A /* Debug */ = {
			isa = XCBuildConfiguration;
			buildSettings = {
				ASSETCATALOG_COMPILER_APPICON_NAME = AppIcon;
				INFOPLIST_FILE = "Pitch Perfect/Info.plist";
				LD_RUNPATH_SEARCH_PATHS = "$(inherited) @executable_path/Frameworks";
				PRODUCT_NAME = "$(TARGET_NAME)";
			};
			name = Debug;
		};
		FFC880641A2430C100DE480A /* Release */ = {
			isa = XCBuildConfiguration;
			buildSettings = {
				ASSETCATALOG_COMPILER_APPICON_NAME = AppIcon;
				INFOPLIST_FILE = "Pitch Perfect/Info.plist";
				LD_RUNPATH_SEARCH_PATHS = "$(inherited) @executable_path/Frameworks";
				PRODUCT_NAME = "$(TARGET_NAME)";
			};
			name = Release;
		};
		FFC880661A2430C100DE480A /* Debug */ = {
			isa = XCBuildConfiguration;
			buildSettings = {
				BUNDLE_LOADER = "$(TEST_HOST)";
				FRAMEWORK_SEARCH_PATHS = (
					"$(SDKROOT)/Developer/Library/Frameworks",
					"$(inherited)",
				);
				GCC_PREPROCESSOR_DEFINITIONS = (
					"DEBUG=1",
					"$(inherited)",
				);
				INFOPLIST_FILE = "Pitch PerfectTests/Info.plist";
				LD_RUNPATH_SEARCH_PATHS = "$(inherited) @executable_path/Frameworks @loader_path/Frameworks";
				PRODUCT_NAME = "$(TARGET_NAME)";
				TEST_HOST = "$(BUILT_PRODUCTS_DIR)/Pitch Perfect.app/Pitch Perfect";
			};
			name = Debug;
		};
		FFC880671A2430C100DE480A /* Release */ = {
			isa = XCBuildConfiguration;
			buildSettings = {
				BUNDLE_LOADER = "$(TEST_HOST)";
				FRAMEWORK_SEARCH_PATHS = (
					"$(SDKROOT)/Developer/Library/Frameworks",
					"$(inherited)",
				);
				INFOPLIST_FILE = "Pitch PerfectTests/Info.plist";
				LD_RUNPATH_SEARCH_PATHS = "$(inherited) @executable_path/Frameworks @loader_path/Frameworks";
				PRODUCT_NAME = "$(TARGET_NAME)";
				TEST_HOST = "$(BUILT_PRODUCTS_DIR)/Pitch Perfect.app/Pitch Perfect";
			};
			name = Release;
		};
/* End XCBuildConfiguration section */

/* Begin XCConfigurationList section */
		FFC8803E1A2430C000DE480A /* Build configuration list for PBXProject "Pitch Perfect" */ = {
			isa = XCConfigurationList;
			buildConfigurations = (
				FFC880601A2430C100DE480A /* Debug */,
				FFC880611A2430C100DE480A /* Release */,
			);
			defaultConfigurationIsVisible = 0;
			defaultConfigurationName = Release;
		};
		FFC880621A2430C100DE480A /* Build configuration list for PBXNativeTarget "Pitch Perfect" */ = {
			isa = XCConfigurationList;
			buildConfigurations = (
				FFC880631A2430C100DE480A /* Debug */,
				FFC880641A2430C100DE480A /* Release */,
			);
			defaultConfigurationIsVisible = 0;
		};
		FFC880651A2430C100DE480A /* Build configuration list for PBXNativeTarget "Pitch PerfectTests" */ = {
			isa = XCConfigurationList;
			buildConfigurations = (
				FFC880661A2430C100DE480A /* Debug */,
				FFC880671A2430C100DE480A /* Release */,
			);
			defaultConfigurationIsVisible = 0;
		};
/* End XCConfigurationList section */
	};
	rootObject = FFC8803B1A2430C000DE480A /* Project object */;
}
