
Microsoft Visual Studio Solution File, Format Version 11.00
# Visual Studio 2010
Project("{FAE04EC0-301F-11D3-BF4B-00C04F79EFBC}") = "FlukeDBIPad", "FlukeDBIPad\FlukeDBIPad.csproj", "{6F6AB2FB-B687-4781-AC83-92AF4907B8CB}"
EndProject
Global
	GlobalSection(SolutionConfigurationPlatforms) = preSolution
		Debug|iPhoneSimulator = Debug|iPhoneSimulator
		Release|iPhoneSimulator = Release|iPhoneSimulator
		Debug|iPhone = Debug|iPhone
		Release|iPhone = Release|iPhone
	EndGlobalSection
	GlobalSection(ProjectConfigurationPlatforms) = postSolution
		{6F6AB2FB-B687-4781-AC83-92AF4907B8CB}.Debug|iPhone.ActiveCfg = Debug|iPhone
		{6F6AB2FB-B687-4781-AC83-92AF4907B8CB}.Debug|iPhone.Build.0 = Debug|iPhone
		{6F6AB2FB-B687-4781-AC83-92AF4907B8CB}.Debug|iPhoneSimulator.ActiveCfg = Debug|iPhoneSimulator
		{6F6AB2FB-B687-4781-AC83-92AF4907B8CB}.Debug|iPhoneSimulator.Build.0 = Debug|iPhoneSimulator
		{6F6AB2FB-B687-4781-AC83-92AF4907B8CB}.Release|iPhone.ActiveCfg = Release|iPhone
		{6F6AB2FB-B687-4781-AC83-92AF4907B8CB}.Release|iPhone.Build.0 = Release|iPhone
		{6F6AB2FB-B687-4781-AC83-92AF4907B8CB}.Release|iPhoneSimulator.ActiveCfg = Release|iPhoneSimulator
		{6F6AB2FB-B687-4781-AC83-92AF4907B8CB}.Release|iPhoneSimulator.Build.0 = Release|iPhoneSimulator
	EndGlobalSection
	GlobalSection(MonoDevelopProperties) = preSolution
		StartupItem = FlukeDBIPad\FlukeDBIPad.csproj
	EndGlobalSection
EndGlobal
