// !$*UTF8*$!
{
	archiveVersion = 1;
	classes = {
	};
	objectVersion = 46;
	objects = {

/* Begin PBXBuildFile section */
		FFAE057C15C32ABD0005ABF5 /* UIKit.framework in Frameworks */ = {isa = PBXBuildFile; fileRef = FFAE057B15C32ABD0005ABF5 /* UIKit.framework */; };
		FFAE057E15C32ABD0005ABF5 /* Foundation.framework in Frameworks */ = {isa = PBXBuildFile; fileRef = FFAE057D15C32ABD0005ABF5 /* Foundation.framework */; };
		FFAE058015C32ABD0005ABF5 /* CoreGraphics.framework in Frameworks */ = {isa = PBXBuildFile; fileRef = FFAE057F15C32ABD0005ABF5 /* CoreGraphics.framework */; };
		FFAE058615C32ABD0005ABF5 /* InfoPlist.strings in Resources */ = {isa = PBXBuildFile; fileRef = FFAE058415C32ABD0005ABF5 /* InfoPlist.strings */; };
		FFAE058815C32ABD0005ABF5 /* main.m in Sources */ = {isa = PBXBuildFile; fileRef = FFAE058715C32ABD0005ABF5 /* main.m */; };
		FFAE058C15C32ABD0005ABF5 /* AppDelegate.m in Sources */ = {isa = PBXBuildFile; fileRef = FFAE058B15C32ABD0005ABF5 /* AppDelegate.m */; };
		FFAE058F15C32ABD0005ABF5 /* ViewController.m in Sources */ = {isa = PBXBuildFile; fileRef = FFAE058E15C32ABD0005ABF5 /* ViewController.m */; };
		FFAE059215C32ABD0005ABF5 /* ViewController_iPhone.xib in Resources */ = {isa = PBXBuildFile; fileRef = FFAE059015C32ABD0005ABF5 /* ViewController_iPhone.xib */; };
		FFAE059515C32ABD0005ABF5 /* ViewController_iPad.xib in Resources */ = {isa = PBXBuildFile; fileRef = FFAE059315C32ABD0005ABF5 /* ViewController_iPad.xib */; };
/* End PBXBuildFile section */

/* Begin PBXFileReference section */
		FFAE057715C32ABD0005ABF5 /* SingleViewApp.app */ = {isa = PBXFileReference; explicitFileType = wrapper.application; includeInIndex = 0; path = SingleViewApp.app; sourceTree = BUILT_PRODUCTS_DIR; };
		FFAE057B15C32ABD0005ABF5 /* UIKit.framework */ = {isa = PBXFileReference; lastKnownFileType = wrapper.framework; name = UIKit.framework; path = System/Library/Frameworks/UIKit.framework; sourceTree = SDKROOT; };
		FFAE057D15C32ABD0005ABF5 /* Foundation.framework */ = {isa = PBXFileReference; lastKnownFileType = wrapper.framework; name = Foundation.framework; path = System/Library/Frameworks/Foundation.framework; sourceTree = SDKROOT; };
		FFAE057F15C32ABD0005ABF5 /* CoreGraphics.framework */ = {isa = PBXFileReference; lastKnownFileType = wrapper.framework; name = CoreGraphics.framework; path = System/Library/Frameworks/CoreGraphics.framework; sourceTree = SDKROOT; };
		FFAE058315C32ABD0005ABF5 /* SingleViewApp-Info.plist */ = {isa = PBXFileReference; lastKnownFileType = text.plist.xml; path = "SingleViewApp-Info.plist"; sourceTree = "<group>"; };
		FFAE058515C32ABD0005ABF5 /* en */ = {isa = PBXFileReference; lastKnownFileType = text.plist.strings; name = en; path = en.lproj/InfoPlist.strings; sourceTree = "<group>"; };
		FFAE058715C32ABD0005ABF5 /* main.m */ = {isa = PBXFileReference; lastKnownFileType = sourcecode.c.objc; path = main.m; sourceTree = "<group>"; };
		FFAE058915C32ABD0005ABF5 /* SingleViewApp-Prefix.pch */ = {isa = PBXFileReference; lastKnownFileType = sourcecode.c.h; path = "SingleViewApp-Prefix.pch"; sourceTree = "<group>"; };
		FFAE058A15C32ABD0005ABF5 /* AppDelegate.h */ = {isa = PBXFileReference; lastKnownFileType = sourcecode.c.h; path = AppDelegate.h; sourceTree = "<group>"; };
		FFAE058B15C32ABD0005ABF5 /* AppDelegate.m */ = {isa = PBXFileReference; lastKnownFileType = sourcecode.c.objc; path = AppDelegate.m; sourceTree = "<group>"; };
		FFAE058D15C32ABD0005ABF5 /* ViewController.h */ = {isa = PBXFileReference; lastKnownFileType = sourcecode.c.h; path = ViewController.h; sourceTree = "<group>"; };
		FFAE058E15C32ABD0005ABF5 /* ViewController.m */ = {isa = PBXFileReference; lastKnownFileType = sourcecode.c.objc; path = ViewController.m; sourceTree = "<group>"; };
		FFAE059115C32ABD0005ABF5 /* en */ = {isa = PBXFileReference; lastKnownFileType = file.xib; name = en; path = en.lproj/ViewController_iPhone.xib; sourceTree = "<group>"; };
		FFAE059415C32ABD0005ABF5 /* en */ = {isa = PBXFileReference; lastKnownFileType = file.xib; name = en; path = en.lproj/ViewController_iPad.xib; sourceTree = "<group>"; };
/* End PBXFileReference section */

/* Begin PBXFrameworksBuildPhase section */
		FFAE057415C32ABD0005ABF5 /* Frameworks */ = {
			isa = PBXFrameworksBuildPhase;
			buildActionMask = 2147483647;
			files = (
				FFAE057C15C32ABD0005ABF5 /* UIKit.framework in Frameworks */,
				FFAE057E15C32ABD0005ABF5 /* Foundation.framework in Frameworks */,
				FFAE058015C32ABD0005ABF5 /* CoreGraphics.framework in Frameworks */,
			);
			runOnlyForDeploymentPostprocessing = 0;
		};
/* End PBXFrameworksBuildPhase section */

/* Begin PBXGroup section */
		FFAE056C15C32ABD0005ABF5 = {
			isa = PBXGroup;
			children = (
				FFAE058115C32ABD0005ABF5 /* SingleViewApp */,
				FFAE057A15C32ABD0005ABF5 /* Frameworks */,
				FFAE057815C32ABD0005ABF5 /* Products */,
			);
			sourceTree = "<group>";
		};
		FFAE057815C32ABD0005ABF5 /* Products */ = {
			isa = PBXGroup;
			children = (
				FFAE057715C32ABD0005ABF5 /* SingleViewApp.app */,
			);
			name = Products;
			sourceTree = "<group>";
		};
		FFAE057A15C32ABD0005ABF5 /* Frameworks */ = {
			isa = PBXGroup;
			children = (
				FFAE057B15C32ABD0005ABF5 /* UIKit.framework */,
				FFAE057D15C32ABD0005ABF5 /* Foundation.framework */,
				FFAE057F15C32ABD0005ABF5 /* CoreGraphics.framework */,
			);
			name = Frameworks;
			sourceTree = "<group>";
		};
		FFAE058115C32ABD0005ABF5 /* SingleViewApp */ = {
			isa = PBXGroup;
			children = (
				FFAE058A15C32ABD0005ABF5 /* AppDelegate.h */,
				FFAE058B15C32ABD0005ABF5 /* AppDelegate.m */,
				FFAE058D15C32ABD0005ABF5 /* ViewController.h */,
				FFAE058E15C32ABD0005ABF5 /* ViewController.m */,
				FFAE059015C32ABD0005ABF5 /* ViewController_iPhone.xib */,
				FFAE059315C32ABD0005ABF5 /* ViewController_iPad.xib */,
				FFAE058215C32ABD0005ABF5 /* Supporting Files */,
			);
			path = SingleViewApp;
			sourceTree = "<group>";
		};
		FFAE058215C32ABD0005ABF5 /* Supporting Files */ = {
			isa = PBXGroup;
			children = (
				FFAE058315C32ABD0005ABF5 /* SingleViewApp-Info.plist */,
				FFAE058415C32ABD0005ABF5 /* InfoPlist.strings */,
				FFAE058715C32ABD0005ABF5 /* main.m */,
				FFAE058915C32ABD0005ABF5 /* SingleViewApp-Prefix.pch */,
			);
			name = "Supporting Files";
			sourceTree = "<group>";
		};
/* End PBXGroup section */

/* Begin PBXNativeTarget section */
		FFAE057615C32ABD0005ABF5 /* SingleViewApp */ = {
			isa = PBXNativeTarget;
			buildConfigurationList = FFAE059815C32ABD0005ABF5 /* Build configuration list for PBXNativeTarget "SingleViewApp" */;
			buildPhases = (
				FFAE057315C32ABD0005ABF5 /* Sources */,
				FFAE057415C32ABD0005ABF5 /* Frameworks */,
				FFAE057515C32ABD0005ABF5 /* Resources */,
			);
			buildRules = (
			);
			dependencies = (
			);
			name = SingleViewApp;
			productName = SingleViewApp;
			productReference = FFAE057715C32ABD0005ABF5 /* SingleViewApp.app */;
			productType = "com.apple.product-type.application";
		};
/* End PBXNativeTarget section */

/* Begin PBXProject section */
		FFAE056E15C32ABD0005ABF5 /* Project object */ = {
			isa = PBXProject;
			attributes = {
				LastUpgradeCheck = 0440;
				ORGANIZATIONNAME = "Si Lam";
			};
			buildConfigurationList = FFAE057115C32ABD0005ABF5 /* Build configuration list for PBXProject "SingleViewApp" */;
			compatibilityVersion = "Xcode 3.2";
			developmentRegion = English;
			hasScannedForEncodings = 0;
			knownRegions = (
				en,
			);
			mainGroup = FFAE056C15C32ABD0005ABF5;
			productRefGroup = FFAE057815C32ABD0005ABF5 /* Products */;
			projectDirPath = "";
			projectRoot = "";
			targets = (
				FFAE057615C32ABD0005ABF5 /* SingleViewApp */,
			);
		};
/* End PBXProject section */

/* Begin PBXResourcesBuildPhase section */
		FFAE057515C32ABD0005ABF5 /* Resources */ = {
			isa = PBXResourcesBuildPhase;
			buildActionMask = 2147483647;
			files = (
				FFAE058615C32ABD0005ABF5 /* InfoPlist.strings in Resources */,
				FFAE059215C32ABD0005ABF5 /* ViewController_iPhone.xib in Resources */,
				FFAE059515C32ABD0005ABF5 /* ViewController_iPad.xib in Resources */,
			);
			runOnlyForDeploymentPostprocessing = 0;
		};
/* End PBXResourcesBuildPhase section */

/* Begin PBXSourcesBuildPhase section */
		FFAE057315C32ABD0005ABF5 /* Sources */ = {
			isa = PBXSourcesBuildPhase;
			buildActionMask = 2147483647;
			files = (
				FFAE058815C32ABD0005ABF5 /* main.m in Sources */,
				FFAE058C15C32ABD0005ABF5 /* AppDelegate.m in Sources */,
				FFAE058F15C32ABD0005ABF5 /* ViewController.m in Sources */,
			);
			runOnlyForDeploymentPostprocessing = 0;
		};
/* End PBXSourcesBuildPhase section */

/* Begin PBXVariantGroup section */
		FFAE058415C32ABD0005ABF5 /* InfoPlist.strings */ = {
			isa = PBXVariantGroup;
			children = (
				FFAE058515C32ABD0005ABF5 /* en */,
			);
			name = InfoPlist.strings;
			sourceTree = "<group>";
		};
		FFAE059015C32ABD0005ABF5 /* ViewController_iPhone.xib */ = {
			isa = PBXVariantGroup;
			children = (
				FFAE059115C32ABD0005ABF5 /* en */,
			);
			name = ViewController_iPhone.xib;
			sourceTree = "<group>";
		};
		FFAE059315C32ABD0005ABF5 /* ViewController_iPad.xib */ = {
			isa = PBXVariantGroup;
			children = (
				FFAE059415C32ABD0005ABF5 /* en */,
			);
			name = ViewController_iPad.xib;
			sourceTree = "<group>";
		};
/* End PBXVariantGroup section */

/* Begin XCBuildConfiguration section */
		FFAE059615C32ABD0005ABF5 /* Debug */ = {
			isa = XCBuildConfiguration;
			buildSettings = {
				ALWAYS_SEARCH_USER_PATHS = NO;
				ARCHS = "$(ARCHS_STANDARD_32_BIT)";
				CLANG_CXX_LANGUAGE_STANDARD = "gnu++0x";
				CLANG_ENABLE_OBJC_ARC = YES;
				CLANG_WARN__DUPLICATE_METHOD_MATCH = YES;
				"CODE_SIGN_IDENTITY[sdk=iphoneos*]" = "iPhone Developer";
				COPY_PHASE_STRIP = NO;
				GCC_C_LANGUAGE_STANDARD = gnu99;
				GCC_DYNAMIC_NO_PIC = NO;
				GCC_OPTIMIZATION_LEVEL = 0;
				GCC_PREPROCESSOR_DEFINITIONS = (
					"DEBUG=1",
					"$(inherited)",
				);
				GCC_SYMBOLS_PRIVATE_EXTERN = NO;
				GCC_VERSION = com.apple.compilers.llvm.clang.1_0;
				GCC_WARN_ABOUT_RETURN_TYPE = YES;
				GCC_WARN_UNINITIALIZED_AUTOS = YES;
				GCC_WARN_UNUSED_VARIABLE = YES;
				IPHONEOS_DEPLOYMENT_TARGET = 5.1;
				SDKROOT = iphoneos;
				TARGETED_DEVICE_FAMILY = "1,2";
			};
			name = Debug;
		};
		FFAE059715C32ABD0005ABF5 /* Release */ = {
			isa = XCBuildConfiguration;
			buildSettings = {
				ALWAYS_SEARCH_USER_PATHS = NO;
				ARCHS = "$(ARCHS_STANDARD_32_BIT)";
				CLANG_CXX_LANGUAGE_STANDARD = "gnu++0x";
				CLANG_ENABLE_OBJC_ARC = YES;
				CLANG_WARN__DUPLICATE_METHOD_MATCH = YES;
				"CODE_SIGN_IDENTITY[sdk=iphoneos*]" = "iPhone Developer";
				COPY_PHASE_STRIP = YES;
				GCC_C_LANGUAGE_STANDARD = gnu99;
				GCC_VERSION = com.apple.compilers.llvm.clang.1_0;
				GCC_WARN_ABOUT_RETURN_TYPE = YES;
				GCC_WARN_UNINITIALIZED_AUTOS = YES;
				GCC_WARN_UNUSED_VARIABLE = YES;
				IPHONEOS_DEPLOYMENT_TARGET = 5.1;
				OTHER_CFLAGS = "-DNS_BLOCK_ASSERTIONS=1";
				SDKROOT = iphoneos;
				TARGETED_DEVICE_FAMILY = "1,2";
				VALIDATE_PRODUCT = YES;
			};
			name = Release;
		};
		FFAE059915C32ABD0005ABF5 /* Debug */ = {
			isa = XCBuildConfiguration;
			buildSettings = {
				GCC_PRECOMPILE_PREFIX_HEADER = YES;
				GCC_PREFIX_HEADER = "SingleViewApp/SingleViewApp-Prefix.pch";
				INFOPLIST_FILE = "SingleViewApp/SingleViewApp-Info.plist";
				PRODUCT_NAME = "$(TARGET_NAME)";
				WRAPPER_EXTENSION = app;
			};
			name = Debug;
		};
		FFAE059A15C32ABD0005ABF5 /* Release */ = {
			isa = XCBuildConfiguration;
			buildSettings = {
				GCC_PRECOMPILE_PREFIX_HEADER = YES;
				GCC_PREFIX_HEADER = "SingleViewApp/SingleViewApp-Prefix.pch";
				INFOPLIST_FILE = "SingleViewApp/SingleViewApp-Info.plist";
				PRODUCT_NAME = "$(TARGET_NAME)";
				WRAPPER_EXTENSION = app;
			};
			name = Release;
		};
/* End XCBuildConfiguration section */

/* Begin XCConfigurationList section */
		FFAE057115C32ABD0005ABF5 /* Build configuration list for PBXProject "SingleViewApp" */ = {
			isa = XCConfigurationList;
			buildConfigurations = (
				FFAE059615C32ABD0005ABF5 /* Debug */,
				FFAE059715C32ABD0005ABF5 /* Release */,
			);
			defaultConfigurationIsVisible = 0;
			defaultConfigurationName = Release;
		};
		FFAE059815C32ABD0005ABF5 /* Build configuration list for PBXNativeTarget "SingleViewApp" */ = {
			isa = XCConfigurationList;
			buildConfigurations = (
				FFAE059915C32ABD0005ABF5 /* Debug */,
				FFAE059A15C32ABD0005ABF5 /* Release */,
			);
			defaultConfigurationIsVisible = 0;
		};
/* End XCConfigurationList section */
	};
	rootObject = FFAE056E15C32ABD0005ABF5 /* Project object */;
}
